Microsoft Visual Studio Solution File, Format Version 12.00
# Visual Studio Version 17
VisualStudioVersion = 17.9.34321.82
MinimumVisualStudioVersion = 10.0.40219.1
Project("{9A19103F-16F7-4668-BE54-9A1E7A4F7556}") = "OneIdentity.Homework.AppHost", "src\OneIdentity.Homework.Api.AppHost\OneIdentity.Homework.AppHost.csproj", "{062EEE3A-6BC8-4988-B80B-309D1190E3A1}"
EndProject
Project("{9A19103F-16F7-4668-BE54-9A1E7A4F7556}") = "OneIdentity.Homework.ServiceDefaults", "src\OneIdentity.Homework.Api.ServiceDefaults\OneIdentity.Homework.ServiceDefaults.csproj", "{99BFB8B2-4FE2-427C-9AE1-7A48357AB4C4}"
EndProject
Project("{2150E333-8FDC-42A3-9474-1A3956D46DE8}") = "Solution items", "Solution items", "{3386E604-B26B-40F8-A6C1-0209F42F6BBA}"
	ProjectSection(SolutionItems) = preProject
		.gitignore = .gitignore
	EndProjectSection
EndProject
Project("{9A19103F-16F7-4668-BE54-9A1E7A4F7556}") = "OneIdentity.Homework.Api", "src\OneIdentity.Homework.Api\OneIdentity.Homework.Api.csproj", "{CBFFD060-02B6-46F1-9DF5-71C71DD93CB5}"
EndProject
Global
	GlobalSection(SolutionConfigurationPlatforms) = preSolution
		Debug|Any CPU = Debug|Any CPU
		Release|Any CPU = Release|Any CPU
	EndGlobalSection
	GlobalSection(ProjectConfigurationPlatforms) = postSolution
		{062EEE3A-6BC8-4988-B80B-309D1190E3A1}.Debug|Any CPU.ActiveCfg = Debug|Any CPU
		{062EEE3A-6BC8-4988-B80B-309D1190E3A1}.Debug|Any CPU.Build.0 = Debug|Any CPU
		{062EEE3A-6BC8-4988-B80B-309D1190E3A1}.Release|Any CPU.ActiveCfg = Release|Any CPU
		{062EEE3A-6BC8-4988-B80B-309D1190E3A1}.Release|Any CPU.Build.0 = Release|Any CPU
		{99BFB8B2-4FE2-427C-9AE1-7A48357AB4C4}.Debug|Any CPU.ActiveCfg = Debug|Any CPU
		{99BFB8B2-4FE2-427C-9AE1-7A48357AB4C4}.Debug|Any CPU.Build.0 = Debug|Any CPU
		{99BFB8B2-4FE2-427C-9AE1-7A48357AB4C4}.Release|Any CPU.ActiveCfg = Release|Any CPU
		{99BFB8B2-4FE2-427C-9AE1-7A48357AB4C4}.Release|Any CPU.Build.0 = Release|Any CPU
		{CBFFD060-02B6-46F1-9DF5-71C71DD93CB5}.Debug|Any CPU.ActiveCfg = Debug|Any CPU
		{CBFFD060-02B6-46F1-9DF5-71C71DD93CB5}.Debug|Any CPU.Build.0 = Debug|Any CPU
		{CBFFD060-02B6-46F1-9DF5-71C71DD93CB5}.Release|Any CPU.ActiveCfg = Release|Any CPU
		{CBFFD060-02B6-46F1-9DF5-71C71DD93CB5}.Release|Any CPU.Build.0 = Release|Any CPU
	EndGlobalSection
	GlobalSection(SolutionProperties) = preSolution
		HideSolutionNode = FALSE
	EndGlobalSection
	GlobalSection(ExtensibilityGlobals) = postSolution
		SolutionGuid = {0981B837-FD39-4A32-8CF0-06A6FFD856AE}
	EndGlobalSection
EndGlobal
