Microsoft Visual Studio Solution File, Format Version 12.00
# Visual Studio Version 17
VisualStudioVersion = 17.9.34321.82
MinimumVisualStudioVersion = 10.0.40219.1
Project("{9A19103F-16F7-4668-BE54-9A1E7A4F7556}") = "OneIdentity.Homework.AppHost", "src\OneIdentity.Homework.Api.AppHost\OneIdentity.Homework.AppHost.csproj", "{062EEE3A-6BC8-4988-B80B-309D1190E3A1}"
EndProject
Project("{9A19103F-16F7-4668-BE54-9A1E7A4F7556}") = "OneIdentity.Homework.ServiceDefaults", "src\OneIdentity.Homework.Api.ServiceDefaults\OneIdentity.Homework.ServiceDefaults.csproj", "{99BFB8B2-4FE2-427C-9AE1-7A48357AB4C4}"
EndProject
Project("{2150E333-8FDC-42A3-9474-1A3956D46DE8}") = "Solution items", "Solution items", "{3386E604-B26B-40F8-A6C1-0209F42F6BBA}"
	ProjectSection(SolutionItems) = preProject
		.gitignore = .gitignore
		.github\workflows\build.yml = .github\workflows\build.yml
	EndProjectSection
EndProject
Project("{9A19103F-16F7-4668-BE54-9A1E7A4F7556}") = "OneIdentity.Homework.Api", "src\OneIdentity.Homework.Api\OneIdentity.Homework.Api.csproj", "{CBFFD060-02B6-46F1-9DF5-71C71DD93CB5}"
EndProject
Project("{9A19103F-16F7-4668-BE54-9A1E7A4F7556}") = "OneIdentity.Homework.Database", "src\OneIdentity.Homework.Database\OneIdentity.Homework.Database.csproj", "{501C91D6-7D0C-4904-9625-7EFBC0432EED}"
EndProject
Project("{2150E333-8FDC-42A3-9474-1A3956D46DE8}") = "Aspire", "Aspire", "{852EF575-5C97-4FCA-B8FF-8387F97D920D}"
EndProject
Project("{9A19103F-16F7-4668-BE54-9A1E7A4F7556}") = "OneIdentity.Homework.Repository", "src\OneIdentity.Homework.Repository\OneIdentity.Homework.Repository.csproj", "{15C2EDBA-6906-4458-947D-8A58DA71CA00}"
EndProject
Project("{2150E333-8FDC-42A3-9474-1A3956D46DE8}") = "Tests", "Tests", "{59D9BCCC-31FB-4E73-A40B-84479D2FBD09}"
EndProject
Project("{9A19103F-16F7-4668-BE54-9A1E7A4F7556}") = "OneIdentity.Homework.Repository.Unit.Tests", "tests\OneIdentity.Homework.Repository.Unit.Tests\OneIdentity.Homework.Repository.Unit.Tests.csproj", "{0597DE0B-FC99-4ECF-AE00-FC93CEE1B2DF}"
EndProject
Project("{FAE04EC0-301F-11D3-BF4B-00C04F79EFBC}") = "OneIdentity.Homework.Api.Integration.Tests", "tests\OneIdentity.Homework.Api.Integration.Tests\OneIdentity.Homework.Api.Integration.Tests.csproj", "{6D27791D-3CA3-496D-9914-8F515079F4B0}"
EndProject
Global
	GlobalSection(SolutionConfigurationPlatforms) = preSolution
		Debug|Any CPU = Debug|Any CPU
		Release|Any CPU = Release|Any CPU
	EndGlobalSection
	GlobalSection(ProjectConfigurationPlatforms) = postSolution
		{062EEE3A-6BC8-4988-B80B-309D1190E3A1}.Debug|Any CPU.ActiveCfg = Debug|Any CPU
		{062EEE3A-6BC8-4988-B80B-309D1190E3A1}.Debug|Any CPU.Build.0 = Debug|Any CPU
		{062EEE3A-6BC8-4988-B80B-309D1190E3A1}.Release|Any CPU.ActiveCfg = Release|Any CPU
		{062EEE3A-6BC8-4988-B80B-309D1190E3A1}.Release|Any CPU.Build.0 = Release|Any CPU
		{99BFB8B2-4FE2-427C-9AE1-7A48357AB4C4}.Debug|Any CPU.ActiveCfg = Debug|Any CPU
		{99BFB8B2-4FE2-427C-9AE1-7A48357AB4C4}.Debug|Any CPU.Build.0 = Debug|Any CPU
		{99BFB8B2-4FE2-427C-9AE1-7A48357AB4C4}.Release|Any CPU.ActiveCfg = Release|Any CPU
		{99BFB8B2-4FE2-427C-9AE1-7A48357AB4C4}.Release|Any CPU.Build.0 = Release|Any CPU
		{CBFFD060-02B6-46F1-9DF5-71C71DD93CB5}.Debug|Any CPU.ActiveCfg = Debug|Any CPU
		{CBFFD060-02B6-46F1-9DF5-71C71DD93CB5}.Debug|Any CPU.Build.0 = Debug|Any CPU
		{CBFFD060-02B6-46F1-9DF5-71C71DD93CB5}.Release|Any CPU.ActiveCfg = Release|Any CPU
		{CBFFD060-02B6-46F1-9DF5-71C71DD93CB5}.Release|Any CPU.Build.0 = Release|Any CPU
		{501C91D6-7D0C-4904-9625-7EFBC0432EED}.Debug|Any CPU.ActiveCfg = Debug|Any CPU
		{501C91D6-7D0C-4904-9625-7EFBC0432EED}.Debug|Any CPU.Build.0 = Debug|Any CPU
		{501C91D6-7D0C-4904-9625-7EFBC0432EED}.Release|Any CPU.ActiveCfg = Release|Any CPU
		{501C91D6-7D0C-4904-9625-7EFBC0432EED}.Release|Any CPU.Build.0 = Release|Any CPU
		{15C2EDBA-6906-4458-947D-8A58DA71CA00}.Debug|Any CPU.ActiveCfg = Debug|Any CPU
		{15C2EDBA-6906-4458-947D-8A58DA71CA00}.Debug|Any CPU.Build.0 = Debug|Any CPU
		{15C2EDBA-6906-4458-947D-8A58DA71CA00}.Release|Any CPU.ActiveCfg = Release|Any CPU
		{15C2EDBA-6906-4458-947D-8A58DA71CA00}.Release|Any CPU.Build.0 = Release|Any CPU
		{0597DE0B-FC99-4ECF-AE00-FC93CEE1B2DF}.Debug|Any CPU.ActiveCfg = Debug|Any CPU
		{0597DE0B-FC99-4ECF-AE00-FC93CEE1B2DF}.Debug|Any CPU.Build.0 = Debug|Any CPU
		{0597DE0B-FC99-4ECF-AE00-FC93CEE1B2DF}.Release|Any CPU.ActiveCfg = Release|Any CPU
		{0597DE0B-FC99-4ECF-AE00-FC93CEE1B2DF}.Release|Any CPU.Build.0 = Release|Any CPU
		{6D27791D-3CA3-496D-9914-8F515079F4B0}.Debug|Any CPU.ActiveCfg = Debug|Any CPU
		{6D27791D-3CA3-496D-9914-8F515079F4B0}.Debug|Any CPU.Build.0 = Debug|Any CPU
		{6D27791D-3CA3-496D-9914-8F515079F4B0}.Release|Any CPU.ActiveCfg = Release|Any CPU
		{6D27791D-3CA3-496D-9914-8F515079F4B0}.Release|Any CPU.Build.0 = Release|Any CPU
	EndGlobalSection
	GlobalSection(SolutionProperties) = preSolution
		HideSolutionNode = FALSE
	EndGlobalSection
	GlobalSection(NestedProjects) = preSolution
		{062EEE3A-6BC8-4988-B80B-309D1190E3A1} = {852EF575-5C97-4FCA-B8FF-8387F97D920D}
		{99BFB8B2-4FE2-427C-9AE1-7A48357AB4C4} = {852EF575-5C97-4FCA-B8FF-8387F97D920D}
		{0597DE0B-FC99-4ECF-AE00-FC93CEE1B2DF} = {59D9BCCC-31FB-4E73-A40B-84479D2FBD09}
		{6D27791D-3CA3-496D-9914-8F515079F4B0} = {59D9BCCC-31FB-4E73-A40B-84479D2FBD09}
	EndGlobalSection
	GlobalSection(ExtensibilityGlobals) = postSolution
		SolutionGuid = {0981B837-FD39-4A32-8CF0-06A6FFD856AE}
	EndGlobalSection
EndGlobal
